// !$*UTF8*$!
{
	archiveVersion = 1;
	classes = {
	};
	objectVersion = 46;
	objects = {

/* Begin PBXBuildFile section */
		79A6B7051E177DC000485469 /* AppDelegate.swift in Sources */ = {isa = PBXBuildFile; fileRef = 79A6B7041E177DC000485469 /* AppDelegate.swift */; };
		79A6B7071E177DC000485469 /* Assets.xcassets in Resources */ = {isa = PBXBuildFile; fileRef = 79A6B7061E177DC000485469 /* Assets.xcassets */; };
		79A6B70A1E177DC000485469 /* MainMenu.xib in Resources */ = {isa = PBXBuildFile; fileRef = 79A6B7081E177DC000485469 /* MainMenu.xib */; };
		79A6B72D1E177F3600485469 /* Cocoa.framework in Frameworks */ = {isa = PBXBuildFile; fileRef = 79A6B7171E177E4400485469 /* Cocoa.framework */; };
		79A6B7381E177F3600485469 /* MyCommentExt.appex in Embed App Extensions */ = {isa = PBXBuildFile; fileRef = 79A6B72C1E177F3600485469 /* MyCommentExt.appex */; settings = {ATTRIBUTES = (RemoveHeadersOnCopy, ); }; };
		79A6B73E1E1781E900485469 /* SourceEditorCommand.swift in Sources */ = {isa = PBXBuildFile; fileRef = 79A6B73C1E1781E900485469 /* SourceEditorCommand.swift */; };
		79A6B73F1E1781E900485469 /* SourceEditorExtension.swift in Sources */ = {isa = PBXBuildFile; fileRef = 79A6B73D1E1781E900485469 /* SourceEditorExtension.swift */; };
/* End PBXBuildFile section */

/* Begin PBXContainerItemProxy section */
		79A6B7361E177F3600485469 /* PBXContainerItemProxy */ = {
			isa = PBXContainerItemProxy;
			containerPortal = 79A6B6F91E177DC000485469 /* Project object */;
			proxyType = 1;
			remoteGlobalIDString = 79A6B72B1E177F3600485469;
			remoteInfo = MyCommentExt;
		};
/* End PBXContainerItemProxy section */

/* Begin PBXCopyFilesBuildPhase section */
		79A6B7271E177E4400485469 /* Embed App Extensions */ = {
			isa = PBXCopyFilesBuildPhase;
			buildActionMask = 2147483647;
			dstPath = "";
			dstSubfolderSpec = 13;
			files = (
				79A6B7381E177F3600485469 /* MyCommentExt.appex in Embed App Extensions */,
			);
			name = "Embed App Extensions";
			runOnlyForDeploymentPostprocessing = 0;
		};
/* End PBXCopyFilesBuildPhase section */

/* Begin PBXFileReference section */
		79A6B7011E177DC000485469 /* MyComment.app */ = {isa = PBXFileReference; explicitFileType = wrapper.application; includeInIndex = 0; path = MyComment.app; sourceTree = BUILT_PRODUCTS_DIR; };
		79A6B7041E177DC000485469 /* AppDelegate.swift */ = {isa = PBXFileReference; lastKnownFileType = sourcecode.swift; path = AppDelegate.swift; sourceTree = "<group>"; };
		79A6B7061E177DC000485469 /* Assets.xcassets */ = {isa = PBXFileReference; lastKnownFileType = folder.assetcatalog; path = Assets.xcassets; sourceTree = "<group>"; };
		79A6B7091E177DC000485469 /* Base */ = {isa = PBXFileReference; lastKnownFileType = file.xib; name = Base; path = Base.lproj/MainMenu.xib; sourceTree = "<group>"; };
		79A6B70B1E177DC000485469 /* Info.plist */ = {isa = PBXFileReference; lastKnownFileType = text.plist.xml; path = Info.plist; sourceTree = "<group>"; };
		79A6B7171E177E4400485469 /* Cocoa.framework */ = {isa = PBXFileReference; lastKnownFileType = wrapper.framework; name = Cocoa.framework; path = System/Library/Frameworks/Cocoa.framework; sourceTree = SDKROOT; };
		79A6B72C1E177F3600485469 /* MyCommentExt.appex */ = {isa = PBXFileReference; explicitFileType = "wrapper.app-extension"; includeInIndex = 0; path = MyCommentExt.appex; sourceTree = BUILT_PRODUCTS_DIR; };
		79A6B7301E177F3600485469 /* MyCommentExt.entitlements */ = {isa = PBXFileReference; lastKnownFileType = text.plist.entitlements; path = MyCommentExt.entitlements; sourceTree = "<group>"; };
		79A6B7351E177F3600485469 /* Info.plist */ = {isa = PBXFileReference; lastKnownFileType = text.plist.xml; path = Info.plist; sourceTree = "<group>"; };
		79A6B73C1E1781E900485469 /* SourceEditorCommand.swift */ = {isa = PBXFileReference; fileEncoding = 4; lastKnownFileType = sourcecode.swift; path = SourceEditorCommand.swift; sourceTree = "<group>"; };
		79A6B73D1E1781E900485469 /* SourceEditorExtension.swift */ = {isa = PBXFileReference; fileEncoding = 4; lastKnownFileType = sourcecode.swift; path = SourceEditorExtension.swift; sourceTree = "<group>"; };
/* End PBXFileReference section */

/* Begin PBXFrameworksBuildPhase section */
		79A6B6FE1E177DC000485469 /* Frameworks */ = {
			isa = PBXFrameworksBuildPhase;
			buildActionMask = 2147483647;
			files = (
			);
			runOnlyForDeploymentPostprocessing = 0;
		};
		79A6B7291E177F3600485469 /* Frameworks */ = {
			isa = PBXFrameworksBuildPhase;
			buildActionMask = 2147483647;
			files = (
				79A6B72D1E177F3600485469 /* Cocoa.framework in Frameworks */,
			);
			runOnlyForDeploymentPostprocessing = 0;
		};
/* End PBXFrameworksBuildPhase section */

/* Begin PBXGroup section */
		79A6B6F81E177DC000485469 = {
			isa = PBXGroup;
			children = (
				79A6B7031E177DC000485469 /* MyComment */,
				79A6B72E1E177F3600485469 /* MyCommentExt */,
				79A6B7161E177E4400485469 /* Frameworks */,
				79A6B7021E177DC000485469 /* Products */,
			);
			sourceTree = "<group>";
		};
		79A6B7021E177DC000485469 /* Products */ = {
			isa = PBXGroup;
			children = (
				79A6B7011E177DC000485469 /* MyComment.app */,
				79A6B72C1E177F3600485469 /* MyCommentExt.appex */,
			);
			name = Products;
			sourceTree = "<group>";
		};
		79A6B7031E177DC000485469 /* MyComment */ = {
			isa = PBXGroup;
			children = (
				79A6B7041E177DC000485469 /* AppDelegate.swift */,
				79A6B7061E177DC000485469 /* Assets.xcassets */,
				79A6B7081E177DC000485469 /* MainMenu.xib */,
				79A6B70B1E177DC000485469 /* Info.plist */,
			);
			path = MyComment;
			sourceTree = "<group>";
		};
		79A6B7161E177E4400485469 /* Frameworks */ = {
			isa = PBXGroup;
			children = (
				79A6B7171E177E4400485469 /* Cocoa.framework */,
			);
			name = Frameworks;
			sourceTree = "<group>";
		};
		79A6B72E1E177F3600485469 /* MyCommentExt */ = {
			isa = PBXGroup;
			children = (
				79A6B73C1E1781E900485469 /* SourceEditorCommand.swift */,
				79A6B73D1E1781E900485469 /* SourceEditorExtension.swift */,
				79A6B7351E177F3600485469 /* Info.plist */,
				79A6B72F1E177F3600485469 /* Supporting Files */,
			);
			path = MyCommentExt;
			sourceTree = "<group>";
		};
		79A6B72F1E177F3600485469 /* Supporting Files */ = {
			isa = PBXGroup;
			children = (
				79A6B7301E177F3600485469 /* MyCommentExt.entitlements */,
			);
			name = "Supporting Files";
			sourceTree = "<group>";
		};
/* End PBXGroup section */

/* Begin PBXNativeTarget section */
		79A6B7001E177DC000485469 /* MyComment */ = {
			isa = PBXNativeTarget;
			buildConfigurationList = 79A6B70E1E177DC000485469 /* Build configuration list for PBXNativeTarget "MyComment" */;
			buildPhases = (
				79A6B6FD1E177DC000485469 /* Sources */,
				79A6B6FE1E177DC000485469 /* Frameworks */,
				79A6B6FF1E177DC000485469 /* Resources */,
				79A6B7271E177E4400485469 /* Embed App Extensions */,
			);
			buildRules = (
			);
			dependencies = (
				79A6B7371E177F3600485469 /* PBXTargetDependency */,
			);
			name = MyComment;
			productName = MyComment;
			productReference = 79A6B7011E177DC000485469 /* MyComment.app */;
			productType = "com.apple.product-type.application";
		};
		79A6B72B1E177F3600485469 /* MyCommentExt */ = {
			isa = PBXNativeTarget;
			buildConfigurationList = 79A6B7391E177F3600485469 /* Build configuration list for PBXNativeTarget "MyCommentExt" */;
			buildPhases = (
				79A6B7281E177F3600485469 /* Sources */,
				79A6B7291E177F3600485469 /* Frameworks */,
				79A6B72A1E177F3600485469 /* Resources */,
			);
			buildRules = (
			);
			dependencies = (
			);
			name = MyCommentExt;
			productName = MyCommentExt;
			productReference = 79A6B72C1E177F3600485469 /* MyCommentExt.appex */;
			productType = "com.apple.product-type.xcode-extension";
		};
/* End PBXNativeTarget section */

/* Begin PBXProject section */
		79A6B6F91E177DC000485469 /* Project object */ = {
			isa = PBXProject;
			attributes = {
				LastSwiftUpdateCheck = 0820;
				LastUpgradeCheck = 0820;
				ORGANIZATIONNAME = Richard;
				TargetAttributes = {
					79A6B7001E177DC000485469 = {
						CreatedOnToolsVersion = 8.2.1;
						DevelopmentTeam = MG4GRZ9TJ6;
						ProvisioningStyle = Automatic;
					};
					79A6B72B1E177F3600485469 = {
						CreatedOnToolsVersion = 8.2.1;
						DevelopmentTeam = MG4GRZ9TJ6;
						LastSwiftMigration = 0820;
						ProvisioningStyle = Automatic;
					};
				};
			};
			buildConfigurationList = 79A6B6FC1E177DC000485469 /* Build configuration list for PBXProject "MyComment" */;
			compatibilityVersion = "Xcode 3.2";
			developmentRegion = English;
			hasScannedForEncodings = 0;
			knownRegions = (
				en,
				Base,
			);
			mainGroup = 79A6B6F81E177DC000485469;
			productRefGroup = 79A6B7021E177DC000485469 /* Products */;
			projectDirPath = "";
			projectRoot = "";
			targets = (
				79A6B7001E177DC000485469 /* MyComment */,
				79A6B72B1E177F3600485469 /* MyCommentExt */,
			);
		};
/* End PBXProject section */

/* Begin PBXResourcesBuildPhase section */
		79A6B6FF1E177DC000485469 /* Resources */ = {
			isa = PBXResourcesBuildPhase;
			buildActionMask = 2147483647;
			files = (
				79A6B7071E177DC000485469 /* Assets.xcassets in Resources */,
				79A6B70A1E177DC000485469 /* MainMenu.xib in Resources */,
			);
			runOnlyForDeploymentPostprocessing = 0;
		};
		79A6B72A1E177F3600485469 /* Resources */ = {
			isa = PBXResourcesBuildPhase;
			buildActionMask = 2147483647;
			files = (
			);
			runOnlyForDeploymentPostprocessing = 0;
		};
/* End PBXResourcesBuildPhase section */

/* Begin PBXSourcesBuildPhase section */
		79A6B6FD1E177DC000485469 /* Sources */ = {
			isa = PBXSourcesBuildPhase;
			buildActionMask = 2147483647;
			files = (
				79A6B7051E177DC000485469 /* AppDelegate.swift in Sources */,
			);
			runOnlyForDeploymentPostprocessing = 0;
		};
		79A6B7281E177F3600485469 /* Sources */ = {
			isa = PBXSourcesBuildPhase;
			buildActionMask = 2147483647;
			files = (
				79A6B73E1E1781E900485469 /* SourceEditorCommand.swift in Sources */,
				79A6B73F1E1781E900485469 /* SourceEditorExtension.swift in Sources */,
			);
			runOnlyForDeploymentPostprocessing = 0;
		};
/* End PBXSourcesBuildPhase section */

/* Begin PBXTargetDependency section */
		79A6B7371E177F3600485469 /* PBXTargetDependency */ = {
			isa = PBXTargetDependency;
			target = 79A6B72B1E177F3600485469 /* MyCommentExt */;
			targetProxy = 79A6B7361E177F3600485469 /* PBXContainerItemProxy */;
		};
/* End PBXTargetDependency section */

/* Begin PBXVariantGroup section */
		79A6B7081E177DC000485469 /* MainMenu.xib */ = {
			isa = PBXVariantGroup;
			children = (
				79A6B7091E177DC000485469 /* Base */,
			);
			name = MainMenu.xib;
			sourceTree = "<group>";
		};
/* End PBXVariantGroup section */

/* Begin XCBuildConfiguration section */
		79A6B70C1E177DC000485469 /* Debug */ = {
			isa = XCBuildConfiguration;
			buildSettings = {
				ALWAYS_SEARCH_USER_PATHS = NO;
				CLANG_ANALYZER_NONNULL = YES;
				CLANG_CXX_LANGUAGE_STANDARD = "gnu++0x";
				CLANG_CXX_LIBRARY = "libc++";
				CLANG_ENABLE_MODULES = YES;
				CLANG_ENABLE_OBJC_ARC = YES;
				CLANG_WARN_BOOL_CONVERSION = YES;
				CLANG_WARN_CONSTANT_CONVERSION = YES;
				CLANG_WARN_DIRECT_OBJC_ISA_USAGE = YES_ERROR;
				CLANG_WARN_DOCUMENTATION_COMMENTS = YES;
				CLANG_WARN_EMPTY_BODY = YES;
				CLANG_WARN_ENUM_CONVERSION = YES;
				CLANG_WARN_INFINITE_RECURSION = YES;
				CLANG_WARN_INT_CONVERSION = YES;
				CLANG_WARN_OBJC_ROOT_CLASS = YES_ERROR;
				CLANG_WARN_SUSPICIOUS_MOVE = YES;
				CLANG_WARN_UNREACHABLE_CODE = YES;
				CLANG_WARN__DUPLICATE_METHOD_MATCH = YES;
				CODE_SIGN_IDENTITY = "-";
				COPY_PHASE_STRIP = NO;
				DEBUG_INFORMATION_FORMAT = dwarf;
				ENABLE_STRICT_OBJC_MSGSEND = YES;
				ENABLE_TESTABILITY = YES;
				GCC_C_LANGUAGE_STANDARD = gnu99;
				GCC_DYNAMIC_NO_PIC = NO;
				GCC_NO_COMMON_BLOCKS = YES;
				GCC_OPTIMIZATION_LEVEL = 0;
				GCC_PREPROCESSOR_DEFINITIONS = (
					"DEBUG=1",
					"$(inherited)",
				);
				GCC_WARN_64_TO_32_BIT_CONVERSION = YES;
				GCC_WARN_ABOUT_RETURN_TYPE = YES_ERROR;
				GCC_WARN_UNDECLARED_SELECTOR = YES;
				GCC_WARN_UNINITIALIZED_AUTOS = YES_AGGRESSIVE;
				GCC_WARN_UNUSED_FUNCTION = YES;
				GCC_WARN_UNUSED_VARIABLE = YES;
				MACOSX_DEPLOYMENT_TARGET = 10.12;
				MTL_ENABLE_DEBUG_INFO = YES;
				ONLY_ACTIVE_ARCH = YES;
				SDKROOT = macosx;
				SWIFT_ACTIVE_COMPILATION_CONDITIONS = DEBUG;
				SWIFT_OPTIMIZATION_LEVEL = "-Onone";
			};
			name = Debug;
		};
		79A6B70D1E177DC000485469 /* Release */ = {
			isa = XCBuildConfiguration;
			buildSettings = {
				ALWAYS_SEARCH_USER_PATHS = NO;
				CLANG_ANALYZER_NONNULL = YES;
				CLANG_CXX_LANGUAGE_STANDARD = "gnu++0x";
				CLANG_CXX_LIBRARY = "libc++";
				CLANG_ENABLE_MODULES = YES;
				CLANG_ENABLE_OBJC_ARC = YES;
				CLANG_WARN_BOOL_CONVERSION = YES;
				CLANG_WARN_CONSTANT_CONVERSION = YES;
				CLANG_WARN_DIRECT_OBJC_ISA_USAGE = YES_ERROR;
				CLANG_WARN_DOCUMENTATION_COMMENTS = YES;
				CLANG_WARN_EMPTY_BODY = YES;
				CLANG_WARN_ENUM_CONVERSION = YES;
				CLANG_WARN_INFINITE_RECURSION = YES;
				CLANG_WARN_INT_CONVERSION = YES;
				CLANG_WARN_OBJC_ROOT_CLASS = YES_ERROR;
				CLANG_WARN_SUSPICIOUS_MOVE = YES;
				CLANG_WARN_UNREACHABLE_CODE = YES;
				CLANG_WARN__DUPLICATE_METHOD_MATCH = YES;
				CODE_SIGN_IDENTITY = "-";
				COPY_PHASE_STRIP = NO;
				DEBUG_INFORMATION_FORMAT = "dwarf-with-dsym";
				ENABLE_NS_ASSERTIONS = NO;
				ENABLE_STRICT_OBJC_MSGSEND = YES;
				GCC_C_LANGUAGE_STANDARD = gnu99;
				GCC_NO_COMMON_BLOCKS = YES;
				GCC_WARN_64_TO_32_BIT_CONVERSION = YES;
				GCC_WARN_ABOUT_RETURN_TYPE = YES_ERROR;
				GCC_WARN_UNDECLARED_SELECTOR = YES;
				GCC_WARN_UNINITIALIZED_AUTOS = YES_AGGRESSIVE;
				GCC_WARN_UNUSED_FUNCTION = YES;
				GCC_WARN_UNUSED_VARIABLE = YES;
				MACOSX_DEPLOYMENT_TARGET = 10.12;
				MTL_ENABLE_DEBUG_INFO = NO;
				SDKROOT = macosx;
				SWIFT_OPTIMIZATION_LEVEL = "-Owholemodule";
			};
			name = Release;
		};
		79A6B70F1E177DC000485469 /* Debug */ = {
			isa = XCBuildConfiguration;
			buildSettings = {
				ALWAYS_EMBED_SWIFT_STANDARD_LIBRARIES = YES;
				ASSETCATALOG_COMPILER_APPICON_NAME = AppIcon;
				CODE_SIGN_IDENTITY = "Mac Developer";
				COMBINE_HIDPI_IMAGES = YES;
				DEVELOPMENT_TEAM = MG4GRZ9TJ6;
				INFOPLIST_FILE = MyComment/Info.plist;
				LD_RUNPATH_SEARCH_PATHS = "$(inherited) @executable_path/../Frameworks";
				PRODUCT_BUNDLE_IDENTIFIER = com.richard.test.MyComment;
				PRODUCT_NAME = "$(TARGET_NAME)";
				SWIFT_VERSION = 3.0;
			};
			name = Debug;
		};
		79A6B7101E177DC000485469 /* Release */ = {
			isa = XCBuildConfiguration;
			buildSettings = {
				ALWAYS_EMBED_SWIFT_STANDARD_LIBRARIES = YES;
				ASSETCATALOG_COMPILER_APPICON_NAME = AppIcon;
				CODE_SIGN_IDENTITY = "Mac Developer";
				COMBINE_HIDPI_IMAGES = YES;
				DEVELOPMENT_TEAM = MG4GRZ9TJ6;
				INFOPLIST_FILE = MyComment/Info.plist;
				LD_RUNPATH_SEARCH_PATHS = "$(inherited) @executable_path/../Frameworks";
				PRODUCT_BUNDLE_IDENTIFIER = com.richard.test.MyComment;
				PRODUCT_NAME = "$(TARGET_NAME)";
				SWIFT_VERSION = 3.0;
			};
			name = Release;
		};
		79A6B73A1E177F3600485469 /* Debug */ = {
			isa = XCBuildConfiguration;
			buildSettings = {
				CLANG_ENABLE_MODULES = YES;
				CODE_SIGN_ENTITLEMENTS = MyCommentExt/MyCommentExt.entitlements;
				CODE_SIGN_IDENTITY = "Mac Developer";
				COMBINE_HIDPI_IMAGES = YES;
				DEVELOPMENT_TEAM = MG4GRZ9TJ6;
				INFOPLIST_FILE = MyCommentExt/Info.plist;
				LD_RUNPATH_SEARCH_PATHS = "$(inherited) @executable_path/../Frameworks @executable_path/../../../../Frameworks";
				MACOSX_DEPLOYMENT_TARGET = 10.11;
				PRODUCT_BUNDLE_IDENTIFIER = com.richard.test.MyComment.MyCommentExt;
				PRODUCT_NAME = "$(TARGET_NAME)";
				SKIP_INSTALL = YES;
				SWIFT_OPTIMIZATION_LEVEL = "-Onone";
				SWIFT_VERSION = 3.0;
			};
			name = Debug;
		};
		79A6B73B1E177F3600485469 /* Release */ = {
			isa = XCBuildConfiguration;
			buildSettings = {
				CLANG_ENABLE_MODULES = YES;
				CODE_SIGN_ENTITLEMENTS = MyCommentExt/MyCommentExt.entitlements;
				CODE_SIGN_IDENTITY = "Mac Developer";
				COMBINE_HIDPI_IMAGES = YES;
				DEVELOPMENT_TEAM = MG4GRZ9TJ6;
				INFOPLIST_FILE = MyCommentExt/Info.plist;
				LD_RUNPATH_SEARCH_PATHS = "$(inherited) @executable_path/../Frameworks @executable_path/../../../../Frameworks";
				MACOSX_DEPLOYMENT_TARGET = 10.11;
				PRODUCT_BUNDLE_IDENTIFIER = com.richard.test.MyComment.MyCommentExt;
				PRODUCT_NAME = "$(TARGET_NAME)";
				SKIP_INSTALL = YES;
				SWIFT_VERSION = 3.0;
			};
			name = Release;
		};
/* End XCBuildConfiguration section */

/* Begin XCConfigurationList section */
		79A6B6FC1E177DC000485469 /* Build configuration list for PBXProject "MyComment" */ = {
			isa = XCConfigurationList;
			buildConfigurations = (
				79A6B70C1E177DC000485469 /* Debug */,
				79A6B70D1E177DC000485469 /* Release */,
			);
			defaultConfigurationIsVisible = 0;
			defaultConfigurationName = Release;
		};
		79A6B70E1E177DC000485469 /* Build configuration list for PBXNativeTarget "MyComment" */ = {
			isa = XCConfigurationList;
			buildConfigurations = (
				79A6B70F1E177DC000485469 /* Debug */,
				79A6B7101E177DC000485469 /* Release */,
			);
			defaultConfigurationIsVisible = 0;
			defaultConfigurationName = Release;
		};
		79A6B7391E177F3600485469 /* Build configuration list for PBXNativeTarget "MyCommentExt" */ = {
			isa = XCConfigurationList;
			buildConfigurations = (
				79A6B73A1E177F3600485469 /* Debug */,
				79A6B73B1E177F3600485469 /* Release */,
			);
			defaultConfigurationIsVisible = 0;
			defaultConfigurationName = Release;
		};
/* End XCConfigurationList section */
	};
	rootObject = 79A6B6F91E177DC000485469 /* Project object */;
}
